
Microsoft Visual Studio Solution File, Format Version 12.00
# Visual Studio Version 16
VisualStudioVersion = 16.0.33423.256
MinimumVisualStudioVersion = 10.0.40219.1
Project("{FAE04EC0-301F-11D3-BF4B-00C04F79EFBC}") = "FileOperations", "FileOperations.csproj", "{E8CFBBAA-9FD7-4D25-8429-BFAE4A0D2DFC}"
EndProject
Global
	GlobalSection(SolutionConfigurationPlatforms) = preSolution
		Debug|Any CPU = Debug|Any CPU
		Release|Any CPU = Release|Any CPU
	EndGlobalSection
	GlobalSection(ProjectConfigurationPlatforms) = postSolution
		{E8CFBBAA-9FD7-4D25-8429-BFAE4A0D2DFC}.Debug|Any CPU.ActiveCfg = Debug|Any CPU
		{E8CFBBAA-9FD7-4D25-8429-BFAE4A0D2DFC}.Debug|Any CPU.Build.0 = Debug|Any CPU
		{E8CFBBAA-9FD7-4D25-8429-BFAE4A0D2DFC}.Release|Any CPU.ActiveCfg = Release|Any CPU
		{E8CFBBAA-9FD7-4D25-8429-BFAE4A0D2DFC}.Release|Any CPU.Build.0 = Release|Any CPU
	EndGlobalSection
	GlobalSection(SolutionProperties) = preSolution
		HideSolutionNode = FALSE
	EndGlobalSection
	GlobalSection(ExtensibilityGlobals) = postSolution
		SolutionGuid = {5CAD7999-82DF-4DBF-AF69-8FFA5BB0C908}
	EndGlobalSection
EndGlobal
